// !$*UTF8*$!
{
	archiveVersion = 1;
	classes = {
	};
	objectVersion = 46;
	objects = {

/* Begin PBXBuildFile section */
		4D40A94C19B0DCFE00C0E196 /* Foundation.framework in Frameworks */ = {isa = PBXBuildFile; fileRef = 4D40A94B19B0DCFE00C0E196 /* Foundation.framework */; };
		4D40A94E19B0DCFF00C0E196 /* CoreGraphics.framework in Frameworks */ = {isa = PBXBuildFile; fileRef = 4D40A94D19B0DCFF00C0E196 /* CoreGraphics.framework */; };
		4D40A95019B0DCFF00C0E196 /* UIKit.framework in Frameworks */ = {isa = PBXBuildFile; fileRef = 4D40A94F19B0DCFF00C0E196 /* UIKit.framework */; };
		4D40A95619B0DCFF00C0E196 /* InfoPlist.strings in Resources */ = {isa = PBXBuildFile; fileRef = 4D40A95419B0DCFF00C0E196 /* InfoPlist.strings */; };
		4D40A95819B0DCFF00C0E196 /* main.m in Sources */ = {isa = PBXBuildFile; fileRef = 4D40A95719B0DCFF00C0E196 /* main.m */; };
		4D40A95C19B0DCFF00C0E196 /* AppDelegate.m in Sources */ = {isa = PBXBuildFile; fileRef = 4D40A95B19B0DCFF00C0E196 /* AppDelegate.m */; };
		4D40A95F19B0DCFF00C0E196 /* Main.storyboard in Resources */ = {isa = PBXBuildFile; fileRef = 4D40A95D19B0DCFF00C0E196 /* Main.storyboard */; };
		4D40A96219B0DCFF00C0E196 /* ViewController.m in Sources */ = {isa = PBXBuildFile; fileRef = 4D40A96119B0DCFF00C0E196 /* ViewController.m */; };
		4D40A96419B0DCFF00C0E196 /* Images.xcassets in Resources */ = {isa = PBXBuildFile; fileRef = 4D40A96319B0DCFF00C0E196 /* Images.xcassets */; };
		4D40A96B19B0DCFF00C0E196 /* XCTest.framework in Frameworks */ = {isa = PBXBuildFile; fileRef = 4D40A96A19B0DCFF00C0E196 /* XCTest.framework */; };
		4D40A96C19B0DCFF00C0E196 /* Foundation.framework in Frameworks */ = {isa = PBXBuildFile; fileRef = 4D40A94B19B0DCFE00C0E196 /* Foundation.framework */; };
		4D40A96D19B0DCFF00C0E196 /* UIKit.framework in Frameworks */ = {isa = PBXBuildFile; fileRef = 4D40A94F19B0DCFF00C0E196 /* UIKit.framework */; };
		4D40A97519B0DCFF00C0E196 /* InfoPlist.strings in Resources */ = {isa = PBXBuildFile; fileRef = 4D40A97319B0DCFF00C0E196 /* InfoPlist.strings */; };
		4D40A97719B0DCFF00C0E196 /* TestUIbuttonEdgeInsetsTests.m in Sources */ = {isa = PBXBuildFile; fileRef = 4D40A97619B0DCFF00C0E196 /* TestUIbuttonEdgeInsetsTests.m */; };
		4D489DE119B1770900C2D7F8 /* UIButton+EdgeInsetsWrapperMethods.m in Sources */ = {isa = PBXBuildFile; fileRef = 4D489DE019B1770900C2D7F8 /* UIButton+EdgeInsetsWrapperMethods.m */; };
		4D489DE319B1785D00C2D7F8 /* UIButton+EdgeInsetsWrapperMethods.m in Sources */ = {isa = PBXBuildFile; fileRef = 4D489DE019B1770900C2D7F8 /* UIButton+EdgeInsetsWrapperMethods.m */; };
/* End PBXBuildFile section */

/* Begin PBXContainerItemProxy section */
		4D40A96E19B0DCFF00C0E196 /* PBXContainerItemProxy */ = {
			isa = PBXContainerItemProxy;
			containerPortal = 4D40A94019B0DCFE00C0E196 /* Project object */;
			proxyType = 1;
			remoteGlobalIDString = 4D40A94719B0DCFE00C0E196;
			remoteInfo = TestUIbuttonEdgeInsets;
		};
/* End PBXContainerItemProxy section */

/* Begin PBXFileReference section */
		4D40A94819B0DCFE00C0E196 /* TestUIbuttonEdgeInsets.app */ = {isa = PBXFileReference; explicitFileType = wrapper.application; includeInIndex = 0; path = TestUIbuttonEdgeInsets.app; sourceTree = BUILT_PRODUCTS_DIR; };
		4D40A94B19B0DCFE00C0E196 /* Foundation.framework */ = {isa = PBXFileReference; lastKnownFileType = wrapper.framework; name = Foundation.framework; path = System/Library/Frameworks/Foundation.framework; sourceTree = SDKROOT; };
		4D40A94D19B0DCFF00C0E196 /* CoreGraphics.framework */ = {isa = PBXFileReference; lastKnownFileType = wrapper.framework; name = CoreGraphics.framework; path = System/Library/Frameworks/CoreGraphics.framework; sourceTree = SDKROOT; };
		4D40A94F19B0DCFF00C0E196 /* UIKit.framework */ = {isa = PBXFileReference; lastKnownFileType = wrapper.framework; name = UIKit.framework; path = System/Library/Frameworks/UIKit.framework; sourceTree = SDKROOT; };
		4D40A95319B0DCFF00C0E196 /* TestUIbuttonEdgeInsets-Info.plist */ = {isa = PBXFileReference; lastKnownFileType = text.plist.xml; path = "TestUIbuttonEdgeInsets-Info.plist"; sourceTree = "<group>"; };
		4D40A95519B0DCFF00C0E196 /* en */ = {isa = PBXFileReference; lastKnownFileType = text.plist.strings; name = en; path = en.lproj/InfoPlist.strings; sourceTree = "<group>"; };
		4D40A95719B0DCFF00C0E196 /* main.m */ = {isa = PBXFileReference; lastKnownFileType = sourcecode.c.objc; path = main.m; sourceTree = "<group>"; };
		4D40A95919B0DCFF00C0E196 /* TestUIbuttonEdgeInsets-Prefix.pch */ = {isa = PBXFileReference; lastKnownFileType = sourcecode.c.h; path = "TestUIbuttonEdgeInsets-Prefix.pch"; sourceTree = "<group>"; };
		4D40A95A19B0DCFF00C0E196 /* AppDelegate.h */ = {isa = PBXFileReference; lastKnownFileType = sourcecode.c.h; path = AppDelegate.h; sourceTree = "<group>"; };
		4D40A95B19B0DCFF00C0E196 /* AppDelegate.m */ = {isa = PBXFileReference; lastKnownFileType = sourcecode.c.objc; path = AppDelegate.m; sourceTree = "<group>"; };
		4D40A95E19B0DCFF00C0E196 /* Base */ = {isa = PBXFileReference; lastKnownFileType = file.storyboard; name = Base; path = Base.lproj/Main.storyboard; sourceTree = "<group>"; };
		4D40A96019B0DCFF00C0E196 /* ViewController.h */ = {isa = PBXFileReference; lastKnownFileType = sourcecode.c.h; path = ViewController.h; sourceTree = "<group>"; };
		4D40A96119B0DCFF00C0E196 /* ViewController.m */ = {isa = PBXFileReference; lastKnownFileType = sourcecode.c.objc; path = ViewController.m; sourceTree = "<group>"; };
		4D40A96319B0DCFF00C0E196 /* Images.xcassets */ = {isa = PBXFileReference; lastKnownFileType = folder.assetcatalog; path = Images.xcassets; sourceTree = "<group>"; };
		4D40A96919B0DCFF00C0E196 /* TestUIbuttonEdgeInsetsTests.xctest */ = {isa = PBXFileReference; explicitFileType = wrapper.cfbundle; includeInIndex = 0; path = TestUIbuttonEdgeInsetsTests.xctest; sourceTree = BUILT_PRODUCTS_DIR; };
		4D40A96A19B0DCFF00C0E196 /* XCTest.framework */ = {isa = PBXFileReference; lastKnownFileType = wrapper.framework; name = XCTest.framework; path = Library/Frameworks/XCTest.framework; sourceTree = DEVELOPER_DIR; };
		4D40A97219B0DCFF00C0E196 /* TestUIbuttonEdgeInsetsTests-Info.plist */ = {isa = PBXFileReference; lastKnownFileType = text.plist.xml; path = "TestUIbuttonEdgeInsetsTests-Info.plist"; sourceTree = "<group>"; };
		4D40A97419B0DCFF00C0E196 /* en */ = {isa = PBXFileReference; lastKnownFileType = text.plist.strings; name = en; path = en.lproj/InfoPlist.strings; sourceTree = "<group>"; };
		4D40A97619B0DCFF00C0E196 /* TestUIbuttonEdgeInsetsTests.m */ = {isa = PBXFileReference; lastKnownFileType = sourcecode.c.objc; path = TestUIbuttonEdgeInsetsTests.m; sourceTree = "<group>"; };
		4D489DDF19B1770900C2D7F8 /* UIButton+EdgeInsetsWrapperMethods.h */ = {isa = PBXFileReference; fileEncoding = 4; lastKnownFileType = sourcecode.c.h; path = "UIButton+EdgeInsetsWrapperMethods.h"; sourceTree = "<group>"; };
		4D489DE019B1770900C2D7F8 /* UIButton+EdgeInsetsWrapperMethods.m */ = {isa = PBXFileReference; fileEncoding = 4; lastKnownFileType = sourcecode.c.objc; path = "UIButton+EdgeInsetsWrapperMethods.m"; sourceTree = "<group>"; };
/* End PBXFileReference section */

/* Begin PBXFrameworksBuildPhase section */
		4D40A94519B0DCFE00C0E196 /* Frameworks */ = {
			isa = PBXFrameworksBuildPhase;
			buildActionMask = 2147483647;
			files = (
				4D40A94E19B0DCFF00C0E196 /* CoreGraphics.framework in Frameworks */,
				4D40A95019B0DCFF00C0E196 /* UIKit.framework in Frameworks */,
				4D40A94C19B0DCFE00C0E196 /* Foundation.framework in Frameworks */,
			);
			runOnlyForDeploymentPostprocessing = 0;
		};
		4D40A96619B0DCFF00C0E196 /* Frameworks */ = {
			isa = PBXFrameworksBuildPhase;
			buildActionMask = 2147483647;
			files = (
				4D40A96B19B0DCFF00C0E196 /* XCTest.framework in Frameworks */,
				4D40A96D19B0DCFF00C0E196 /* UIKit.framework in Frameworks */,
				4D40A96C19B0DCFF00C0E196 /* Foundation.framework in Frameworks */,
			);
			runOnlyForDeploymentPostprocessing = 0;
		};
/* End PBXFrameworksBuildPhase section */

/* Begin PBXGroup section */
		4D40A93F19B0DCFE00C0E196 = {
			isa = PBXGroup;
			children = (
				4D40A95119B0DCFF00C0E196 /* TestUIbuttonEdgeInsets */,
				4D40A97019B0DCFF00C0E196 /* TestUIbuttonEdgeInsetsTests */,
				4D40A94A19B0DCFE00C0E196 /* Frameworks */,
				4D40A94919B0DCFE00C0E196 /* Products */,
			);
			sourceTree = "<group>";
		};
		4D40A94919B0DCFE00C0E196 /* Products */ = {
			isa = PBXGroup;
			children = (
				4D40A94819B0DCFE00C0E196 /* TestUIbuttonEdgeInsets.app */,
				4D40A96919B0DCFF00C0E196 /* TestUIbuttonEdgeInsetsTests.xctest */,
			);
			name = Products;
			sourceTree = "<group>";
		};
		4D40A94A19B0DCFE00C0E196 /* Frameworks */ = {
			isa = PBXGroup;
			children = (
				4D40A94B19B0DCFE00C0E196 /* Foundation.framework */,
				4D40A94D19B0DCFF00C0E196 /* CoreGraphics.framework */,
				4D40A94F19B0DCFF00C0E196 /* UIKit.framework */,
				4D40A96A19B0DCFF00C0E196 /* XCTest.framework */,
			);
			name = Frameworks;
			sourceTree = "<group>";
		};
		4D40A95119B0DCFF00C0E196 /* TestUIbuttonEdgeInsets */ = {
			isa = PBXGroup;
			children = (
				4D489DE219B1784200C2D7F8 /* UIButton+EdgeInsetsWrapperMethods */,
				4D40A95A19B0DCFF00C0E196 /* AppDelegate.h */,
				4D40A95B19B0DCFF00C0E196 /* AppDelegate.m */,
				4D40A95D19B0DCFF00C0E196 /* Main.storyboard */,
				4D40A96019B0DCFF00C0E196 /* ViewController.h */,
				4D40A96119B0DCFF00C0E196 /* ViewController.m */,
				4D40A96319B0DCFF00C0E196 /* Images.xcassets */,
				4D40A95219B0DCFF00C0E196 /* Supporting Files */,
			);
			path = TestUIbuttonEdgeInsets;
			sourceTree = "<group>";
		};
		4D40A95219B0DCFF00C0E196 /* Supporting Files */ = {
			isa = PBXGroup;
			children = (
				4D40A95319B0DCFF00C0E196 /* TestUIbuttonEdgeInsets-Info.plist */,
				4D40A95419B0DCFF00C0E196 /* InfoPlist.strings */,
				4D40A95719B0DCFF00C0E196 /* main.m */,
				4D40A95919B0DCFF00C0E196 /* TestUIbuttonEdgeInsets-Prefix.pch */,
			);
			name = "Supporting Files";
			sourceTree = "<group>";
		};
		4D40A97019B0DCFF00C0E196 /* TestUIbuttonEdgeInsetsTests */ = {
			isa = PBXGroup;
			children = (
				4D40A97619B0DCFF00C0E196 /* TestUIbuttonEdgeInsetsTests.m */,
				4D40A97119B0DCFF00C0E196 /* Supporting Files */,
			);
			path = TestUIbuttonEdgeInsetsTests;
			sourceTree = "<group>";
		};
		4D40A97119B0DCFF00C0E196 /* Supporting Files */ = {
			isa = PBXGroup;
			children = (
				4D40A97219B0DCFF00C0E196 /* TestUIbuttonEdgeInsetsTests-Info.plist */,
				4D40A97319B0DCFF00C0E196 /* InfoPlist.strings */,
			);
			name = "Supporting Files";
			sourceTree = "<group>";
		};
		4D489DE219B1784200C2D7F8 /* UIButton+EdgeInsetsWrapperMethods */ = {
			isa = PBXGroup;
			children = (
				4D489DDF19B1770900C2D7F8 /* UIButton+EdgeInsetsWrapperMethods.h */,
				4D489DE019B1770900C2D7F8 /* UIButton+EdgeInsetsWrapperMethods.m */,
			);
			name = "UIButton+EdgeInsetsWrapperMethods";
			sourceTree = "<group>";
		};
/* End PBXGroup section */

/* Begin PBXNativeTarget section */
		4D40A94719B0DCFE00C0E196 /* TestUIbuttonEdgeInsets */ = {
			isa = PBXNativeTarget;
			buildConfigurationList = 4D40A97A19B0DCFF00C0E196 /* Build configuration list for PBXNativeTarget "TestUIbuttonEdgeInsets" */;
			buildPhases = (
				4D40A94419B0DCFE00C0E196 /* Sources */,
				4D40A94519B0DCFE00C0E196 /* Frameworks */,
				4D40A94619B0DCFE00C0E196 /* Resources */,
			);
			buildRules = (
			);
			dependencies = (
			);
			name = TestUIbuttonEdgeInsets;
			productName = TestUIbuttonEdgeInsets;
			productReference = 4D40A94819B0DCFE00C0E196 /* TestUIbuttonEdgeInsets.app */;
			productType = "com.apple.product-type.application";
		};
		4D40A96819B0DCFF00C0E196 /* TestUIbuttonEdgeInsetsTests */ = {
			isa = PBXNativeTarget;
			buildConfigurationList = 4D40A97D19B0DCFF00C0E196 /* Build configuration list for PBXNativeTarget "TestUIbuttonEdgeInsetsTests" */;
			buildPhases = (
				4D40A96519B0DCFF00C0E196 /* Sources */,
				4D40A96619B0DCFF00C0E196 /* Frameworks */,
				4D40A96719B0DCFF00C0E196 /* Resources */,
			);
			buildRules = (
			);
			dependencies = (
				4D40A96F19B0DCFF00C0E196 /* PBXTargetDependency */,
			);
			name = TestUIbuttonEdgeInsetsTests;
			productName = TestUIbuttonEdgeInsetsTests;
			productReference = 4D40A96919B0DCFF00C0E196 /* TestUIbuttonEdgeInsetsTests.xctest */;
			productType = "com.apple.product-type.bundle.unit-test";
		};
/* End PBXNativeTarget section */

/* Begin PBXProject section */
		4D40A94019B0DCFE00C0E196 /* Project object */ = {
			isa = PBXProject;
			attributes = {
				LastUpgradeCheck = 0510;
				ORGANIZATIONNAME = WillisLing;
				TargetAttributes = {
					4D40A96819B0DCFF00C0E196 = {
						TestTargetID = 4D40A94719B0DCFE00C0E196;
					};
				};
			};
			buildConfigurationList = 4D40A94319B0DCFE00C0E196 /* Build configuration list for PBXProject "TestUIbuttonEdgeInsets" */;
			compatibilityVersion = "Xcode 3.2";
			developmentRegion = English;
			hasScannedForEncodings = 0;
			knownRegions = (
				en,
				Base,
			);
			mainGroup = 4D40A93F19B0DCFE00C0E196;
			productRefGroup = 4D40A94919B0DCFE00C0E196 /* Products */;
			projectDirPath = "";
			projectRoot = "";
			targets = (
				4D40A94719B0DCFE00C0E196 /* TestUIbuttonEdgeInsets */,
				4D40A96819B0DCFF00C0E196 /* TestUIbuttonEdgeInsetsTests */,
			);
		};
/* End PBXProject section */

/* Begin PBXResourcesBuildPhase section */
		4D40A94619B0DCFE00C0E196 /* Resources */ = {
			isa = PBXResourcesBuildPhase;
			buildActionMask = 2147483647;
			files = (
				4D40A96419B0DCFF00C0E196 /* Images.xcassets in Resources */,
				4D40A95619B0DCFF00C0E196 /* InfoPlist.strings in Resources */,
				4D40A95F19B0DCFF00C0E196 /* Main.storyboard in Resources */,
			);
			runOnlyForDeploymentPostprocessing = 0;
		};
		4D40A96719B0DCFF00C0E196 /* Resources */ = {
			isa = PBXResourcesBuildPhase;
			buildActionMask = 2147483647;
			files = (
				4D40A97519B0DCFF00C0E196 /* InfoPlist.strings in Resources */,
			);
			runOnlyForDeploymentPostprocessing = 0;
		};
/* End PBXResourcesBuildPhase section */

/* Begin PBXSourcesBuildPhase section */
		4D40A94419B0DCFE00C0E196 /* Sources */ = {
			isa = PBXSourcesBuildPhase;
			buildActionMask = 2147483647;
			files = (
				4D40A96219B0DCFF00C0E196 /* ViewController.m in Sources */,
				4D40A95C19B0DCFF00C0E196 /* AppDelegate.m in Sources */,
				4D40A95819B0DCFF00C0E196 /* main.m in Sources */,
				4D489DE119B1770900C2D7F8 /* UIButton+EdgeInsetsWrapperMethods.m in Sources */,
			);
			runOnlyForDeploymentPostprocessing = 0;
		};
		4D40A96519B0DCFF00C0E196 /* Sources */ = {
			isa = PBXSourcesBuildPhase;
			buildActionMask = 2147483647;
			files = (
				4D40A97719B0DCFF00C0E196 /* TestUIbuttonEdgeInsetsTests.m in Sources */,
				4D489DE319B1785D00C2D7F8 /* UIButton+EdgeInsetsWrapperMethods.m in Sources */,
			);
			runOnlyForDeploymentPostprocessing = 0;
		};
/* End PBXSourcesBuildPhase section */

/* Begin PBXTargetDependency section */
		4D40A96F19B0DCFF00C0E196 /* PBXTargetDependency */ = {
			isa = PBXTargetDependency;
			target = 4D40A94719B0DCFE00C0E196 /* TestUIbuttonEdgeInsets */;
			targetProxy = 4D40A96E19B0DCFF00C0E196 /* PBXContainerItemProxy */;
		};
/* End PBXTargetDependency section */

/* Begin PBXVariantGroup section */
		4D40A95419B0DCFF00C0E196 /* InfoPlist.strings */ = {
			isa = PBXVariantGroup;
			children = (
				4D40A95519B0DCFF00C0E196 /* en */,
			);
			name = InfoPlist.strings;
			sourceTree = "<group>";
		};
		4D40A95D19B0DCFF00C0E196 /* Main.storyboard */ = {
			isa = PBXVariantGroup;
			children = (
				4D40A95E19B0DCFF00C0E196 /* Base */,
			);
			name = Main.storyboard;
			sourceTree = "<group>";
		};
		4D40A97319B0DCFF00C0E196 /* InfoPlist.strings */ = {
			isa = PBXVariantGroup;
			children = (
				4D40A97419B0DCFF00C0E196 /* en */,
			);
			name = InfoPlist.strings;
			sourceTree = "<group>";
		};
/* End PBXVariantGroup section */

/* Begin XCBuildConfiguration section */
		4D40A97819B0DCFF00C0E196 /* Debug */ = {
			isa = XCBuildConfiguration;
			buildSettings = {
				ALWAYS_SEARCH_USER_PATHS = NO;
				CLANG_CXX_LANGUAGE_STANDARD = "gnu++0x";
				CLANG_CXX_LIBRARY = "libc++";
				CLANG_ENABLE_MODULES = YES;
				CLANG_ENABLE_OBJC_ARC = YES;
				CLANG_WARN_BOOL_CONVERSION = YES;
				CLANG_WARN_CONSTANT_CONVERSION = YES;
				CLANG_WARN_DIRECT_OBJC_ISA_USAGE = YES_ERROR;
				CLANG_WARN_EMPTY_BODY = YES;
				CLANG_WARN_ENUM_CONVERSION = YES;
				CLANG_WARN_INT_CONVERSION = YES;
				CLANG_WARN_OBJC_ROOT_CLASS = YES_ERROR;
				CLANG_WARN__DUPLICATE_METHOD_MATCH = YES;
				"CODE_SIGN_IDENTITY[sdk=iphoneos*]" = "iPhone Developer";
				COPY_PHASE_STRIP = NO;
				GCC_C_LANGUAGE_STANDARD = gnu99;
				GCC_DYNAMIC_NO_PIC = NO;
				GCC_OPTIMIZATION_LEVEL = 0;
				GCC_PREPROCESSOR_DEFINITIONS = (
					"DEBUG=1",
					"$(inherited)",
				);
				GCC_SYMBOLS_PRIVATE_EXTERN = NO;
				GCC_WARN_64_TO_32_BIT_CONVERSION = YES;
				GCC_WARN_ABOUT_RETURN_TYPE = YES_ERROR;
				GCC_WARN_UNDECLARED_SELECTOR = YES;
				GCC_WARN_UNINITIALIZED_AUTOS = YES_AGGRESSIVE;
				GCC_WARN_UNUSED_FUNCTION = YES;
				GCC_WARN_UNUSED_VARIABLE = YES;
				IPHONEOS_DEPLOYMENT_TARGET = 7.1;
				ONLY_ACTIVE_ARCH = YES;
				SDKROOT = iphoneos;
			};
			name = Debug;
		};
		4D40A97919B0DCFF00C0E196 /* Release */ = {
			isa = XCBuildConfiguration;
			buildSettings = {
				ALWAYS_SEARCH_USER_PATHS = NO;
				CLANG_CXX_LANGUAGE_STANDARD = "gnu++0x";
				CLANG_CXX_LIBRARY = "libc++";
				CLANG_ENABLE_MODULES = YES;
				CLANG_ENABLE_OBJC_ARC = YES;
				CLANG_WARN_BOOL_CONVERSION = YES;
				CLANG_WARN_CONSTANT_CONVERSION = YES;
				CLANG_WARN_DIRECT_OBJC_ISA_USAGE = YES_ERROR;
				CLANG_WARN_EMPTY_BODY = YES;
				CLANG_WARN_ENUM_CONVERSION = YES;
				CLANG_WARN_INT_CONVERSION = YES;
				CLANG_WARN_OBJC_ROOT_CLASS = YES_ERROR;
				CLANG_WARN__DUPLICATE_METHOD_MATCH = YES;
				"CODE_SIGN_IDENTITY[sdk=iphoneos*]" = "iPhone Developer";
				COPY_PHASE_STRIP = YES;
				ENABLE_NS_ASSERTIONS = NO;
				GCC_C_LANGUAGE_STANDARD = gnu99;
				GCC_WARN_64_TO_32_BIT_CONVERSION = YES;
				GCC_WARN_ABOUT_RETURN_TYPE = YES_ERROR;
				GCC_WARN_UNDECLARED_SELECTOR = YES;
				GCC_WARN_UNINITIALIZED_AUTOS = YES_AGGRESSIVE;
				GCC_WARN_UNUSED_FUNCTION = YES;
				GCC_WARN_UNUSED_VARIABLE = YES;
				IPHONEOS_DEPLOYMENT_TARGET = 7.1;
				SDKROOT = iphoneos;
				VALIDATE_PRODUCT = YES;
			};
			name = Release;
		};
		4D40A97B19B0DCFF00C0E196 /* Debug */ = {
			isa = XCBuildConfiguration;
			buildSettings = {
				ASSETCATALOG_COMPILER_APPICON_NAME = AppIcon;
				ASSETCATALOG_COMPILER_LAUNCHIMAGE_NAME = LaunchImage;
				GCC_PRECOMPILE_PREFIX_HEADER = YES;
				GCC_PREFIX_HEADER = "TestUIbuttonEdgeInsets/TestUIbuttonEdgeInsets-Prefix.pch";
				INFOPLIST_FILE = "TestUIbuttonEdgeInsets/TestUIbuttonEdgeInsets-Info.plist";
				PRODUCT_NAME = "$(TARGET_NAME)";
				WRAPPER_EXTENSION = app;
			};
			name = Debug;
		};
		4D40A97C19B0DCFF00C0E196 /* Release */ = {
			isa = XCBuildConfiguration;
			buildSettings = {
				ASSETCATALOG_COMPILER_APPICON_NAME = AppIcon;
				ASSETCATALOG_COMPILER_LAUNCHIMAGE_NAME = LaunchImage;
				GCC_PRECOMPILE_PREFIX_HEADER = YES;
				GCC_PREFIX_HEADER = "TestUIbuttonEdgeInsets/TestUIbuttonEdgeInsets-Prefix.pch";
				INFOPLIST_FILE = "TestUIbuttonEdgeInsets/TestUIbuttonEdgeInsets-Info.plist";
				PRODUCT_NAME = "$(TARGET_NAME)";
				WRAPPER_EXTENSION = app;
			};
			name = Release;
		};
		4D40A97E19B0DCFF00C0E196 /* Debug */ = {
			isa = XCBuildConfiguration;
			buildSettings = {
				BUNDLE_LOADER = "$(BUILT_PRODUCTS_DIR)/TestUIbuttonEdgeInsets.app/TestUIbuttonEdgeInsets";
				FRAMEWORK_SEARCH_PATHS = (
					"$(SDKROOT)/Developer/Library/Frameworks",
					"$(inherited)",
					"$(DEVELOPER_FRAMEWORKS_DIR)",
				);
				GCC_PRECOMPILE_PREFIX_HEADER = YES;
				GCC_PREFIX_HEADER = "TestUIbuttonEdgeInsets/TestUIbuttonEdgeInsets-Prefix.pch";
				GCC_PREPROCESSOR_DEFINITIONS = (
					"DEBUG=1",
					"$(inherited)",
				);
				INFOPLIST_FILE = "TestUIbuttonEdgeInsetsTests/TestUIbuttonEdgeInsetsTests-Info.plist";
				PRODUCT_NAME = "$(TARGET_NAME)";
				TEST_HOST = "$(BUNDLE_LOADER)";
				WRAPPER_EXTENSION = xctest;
			};
			name = Debug;
		};
		4D40A97F19B0DCFF00C0E196 /* Release */ = {
			isa = XCBuildConfiguration;
			buildSettings = {
				BUNDLE_LOADER = "$(BUILT_PRODUCTS_DIR)/TestUIbuttonEdgeInsets.app/TestUIbuttonEdgeInsets";
				FRAMEWORK_SEARCH_PATHS = (
					"$(SDKROOT)/Developer/Library/Frameworks",
					"$(inherited)",
					"$(DEVELOPER_FRAMEWORKS_DIR)",
				);
				GCC_PRECOMPILE_PREFIX_HEADER = YES;
				GCC_PREFIX_HEADER = "TestUIbuttonEdgeInsets/TestUIbuttonEdgeInsets-Prefix.pch";
				INFOPLIST_FILE = "TestUIbuttonEdgeInsetsTests/TestUIbuttonEdgeInsetsTests-Info.plist";
				PRODUCT_NAME = "$(TARGET_NAME)";
				TEST_HOST = "$(BUNDLE_LOADER)";
				WRAPPER_EXTENSION = xctest;
			};
			name = Release;
		};
/* End XCBuildConfiguration section */

/* Begin XCConfigurationList section */
		4D40A94319B0DCFE00C0E196 /* Build configuration list for PBXProject "TestUIbuttonEdgeInsets" */ = {
			isa = XCConfigurationList;
			buildConfigurations = (
				4D40A97819B0DCFF00C0E196 /* Debug */,
				4D40A97919B0DCFF00C0E196 /* Release */,
			);
			defaultConfigurationIsVisible = 0;
			defaultConfigurationName = Release;
		};
		4D40A97A19B0DCFF00C0E196 /* Build configuration list for PBXNativeTarget "TestUIbuttonEdgeInsets" */ = {
			isa = XCConfigurationList;
			buildConfigurations = (
				4D40A97B19B0DCFF00C0E196 /* Debug */,
				4D40A97C19B0DCFF00C0E196 /* Release */,
			);
			defaultConfigurationIsVisible = 0;
			defaultConfigurationName = Release;
		};
		4D40A97D19B0DCFF00C0E196 /* Build configuration list for PBXNativeTarget "TestUIbuttonEdgeInsetsTests" */ = {
			isa = XCConfigurationList;
			buildConfigurations = (
				4D40A97E19B0DCFF00C0E196 /* Debug */,
				4D40A97F19B0DCFF00C0E196 /* Release */,
			);
			defaultConfigurationIsVisible = 0;
			defaultConfigurationName = Release;
		};
/* End XCConfigurationList section */
	};
	rootObject = 4D40A94019B0DCFE00C0E196 /* Project object */;
}
